// !$*UTF8*$!
{
	archiveVersion = 1;
	classes = {
	};
	objectVersion = 46;
	objects = {

/* Begin PBXBuildFile section */
		3D2FE46C16D15FAF00EBFA0B /* Foundation.framework in Frameworks */ = {isa = PBXBuildFile; fileRef = 3D2FE46B16D15FAF00EBFA0B /* Foundation.framework */; };
		3D2FE47316D15FAF00EBFA0B /* FractionTest.1 in CopyFiles */ = {isa = PBXBuildFile; fileRef = 3D2FE47216D15FAF00EBFA0B /* FractionTest.1 */; };
		3D2FE47A16D1604100EBFA0B /* FractionTest.m in Sources */ = {isa = PBXBuildFile; fileRef = 3D2FE47916D1604100EBFA0B /* FractionTest.m */; settings = {COMPILER_FLAGS = "-fno-objc-arc"; }; };
		3D2FE47D16D160AE00EBFA0B /* Fraction.m in Sources */ = {isa = PBXBuildFile; fileRef = 3D2FE47C16D160AE00EBFA0B /* Fraction.m */; };
/* End PBXBuildFile section */

/* Begin PBXCopyFilesBuildPhase section */
		3D2FE46616D15FAF00EBFA0B /* CopyFiles */ = {
			isa = PBXCopyFilesBuildPhase;
			buildActionMask = 2147483647;
			dstPath = /usr/share/man/man1/;
			dstSubfolderSpec = 0;
			files = (
				3D2FE47316D15FAF00EBFA0B /* FractionTest.1 in CopyFiles */,
			);
			runOnlyForDeploymentPostprocessing = 1;
		};
/* End PBXCopyFilesBuildPhase section */

/* Begin PBXFileReference section */
		3D2FE46816D15FAF00EBFA0B /* FractionTest */ = {isa = PBXFileReference; explicitFileType = "compiled.mach-o.executable"; includeInIndex = 0; path = FractionTest; sourceTree = BUILT_PRODUCTS_DIR; };
		3D2FE46B16D15FAF00EBFA0B /* Foundation.framework */ = {isa = PBXFileReference; lastKnownFileType = wrapper.framework; name = Foundation.framework; path = System/Library/Frameworks/Foundation.framework; sourceTree = SDKROOT; };
		3D2FE47116D15FAF00EBFA0B /* FractionTest-Prefix.pch */ = {isa = PBXFileReference; lastKnownFileType = sourcecode.c.h; path = "FractionTest-Prefix.pch"; sourceTree = "<group>"; };
		3D2FE47216D15FAF00EBFA0B /* FractionTest.1 */ = {isa = PBXFileReference; lastKnownFileType = text.man; path = FractionTest.1; sourceTree = "<group>"; };
		3D2FE47916D1604100EBFA0B /* FractionTest.m */ = {isa = PBXFileReference; fileEncoding = 4; lastKnownFileType = sourcecode.c.objc; path = FractionTest.m; sourceTree = "<group>"; };
		3D2FE47B16D160AE00EBFA0B /* Fraction.h */ = {isa = PBXFileReference; fileEncoding = 4; lastKnownFileType = sourcecode.c.h; path = Fraction.h; sourceTree = "<group>"; };
		3D2FE47C16D160AE00EBFA0B /* Fraction.m */ = {isa = PBXFileReference; fileEncoding = 4; lastKnownFileType = sourcecode.c.objc; path = Fraction.m; sourceTree = "<group>"; };
/* End PBXFileReference section */

/* Begin PBXFrameworksBuildPhase section */
		3D2FE46516D15FAF00EBFA0B /* Frameworks */ = {
			isa = PBXFrameworksBuildPhase;
			buildActionMask = 2147483647;
			files = (
				3D2FE46C16D15FAF00EBFA0B /* Foundation.framework in Frameworks */,
			);
			runOnlyForDeploymentPostprocessing = 0;
		};
/* End PBXFrameworksBuildPhase section */

/* Begin PBXGroup section */
		3D2FE45F16D15FAF00EBFA0B = {
			isa = PBXGroup;
			children = (
				3D2FE46D16D15FAF00EBFA0B /* FractionTest */,
				3D2FE46A16D15FAF00EBFA0B /* Frameworks */,
				3D2FE46916D15FAF00EBFA0B /* Products */,
			);
			sourceTree = "<group>";
		};
		3D2FE46916D15FAF00EBFA0B /* Products */ = {
			isa = PBXGroup;
			children = (
				3D2FE46816D15FAF00EBFA0B /* FractionTest */,
			);
			name = Products;
			sourceTree = "<group>";
		};
		3D2FE46A16D15FAF00EBFA0B /* Frameworks */ = {
			isa = PBXGroup;
			children = (
				3D2FE46B16D15FAF00EBFA0B /* Foundation.framework */,
			);
			name = Frameworks;
			sourceTree = "<group>";
		};
		3D2FE46D16D15FAF00EBFA0B /* FractionTest */ = {
			isa = PBXGroup;
			children = (
				3D2FE47916D1604100EBFA0B /* FractionTest.m */,
				3D2FE47B16D160AE00EBFA0B /* Fraction.h */,
				3D2FE47C16D160AE00EBFA0B /* Fraction.m */,
				3D2FE47216D15FAF00EBFA0B /* FractionTest.1 */,
				3D2FE47016D15FAF00EBFA0B /* Supporting Files */,
			);
			path = FractionTest;
			sourceTree = "<group>";
		};
		3D2FE47016D15FAF00EBFA0B /* Supporting Files */ = {
			isa = PBXGroup;
			children = (
				3D2FE47116D15FAF00EBFA0B /* FractionTest-Prefix.pch */,
			);
			name = "Supporting Files";
			sourceTree = "<group>";
		};
/* End PBXGroup section */

/* Begin PBXNativeTarget section */
		3D2FE46716D15FAF00EBFA0B /* FractionTest */ = {
			isa = PBXNativeTarget;
			buildConfigurationList = 3D2FE47616D15FAF00EBFA0B /* Build configuration list for PBXNativeTarget "FractionTest" */;
			buildPhases = (
				3D2FE46416D15FAF00EBFA0B /* Sources */,
				3D2FE46516D15FAF00EBFA0B /* Frameworks */,
				3D2FE46616D15FAF00EBFA0B /* CopyFiles */,
			);
			buildRules = (
			);
			dependencies = (
			);
			name = FractionTest;
			productName = FractionTest;
			productReference = 3D2FE46816D15FAF00EBFA0B /* FractionTest */;
			productType = "com.apple.product-type.tool";
		};
/* End PBXNativeTarget section */

/* Begin PBXProject section */
		3D2FE46016D15FAF00EBFA0B /* Project object */ = {
			isa = PBXProject;
			attributes = {
				LastUpgradeCheck = 0460;
				ORGANIZATIONNAME = FractionTest;
			};
			buildConfigurationList = 3D2FE46316D15FAF00EBFA0B /* Build configuration list for PBXProject "FractionTest" */;
			compatibilityVersion = "Xcode 3.2";
			developmentRegion = English;
			hasScannedForEncodings = 0;
			knownRegions = (
				en,
			);
			mainGroup = 3D2FE45F16D15FAF00EBFA0B;
			productRefGroup = 3D2FE46916D15FAF00EBFA0B /* Products */;
			projectDirPath = "";
			projectRoot = "";
			targets = (
				3D2FE46716D15FAF00EBFA0B /* FractionTest */,
			);
		};
/* End PBXProject section */

/* Begin PBXSourcesBuildPhase section */
		3D2FE46416D15FAF00EBFA0B /* Sources */ = {
			isa = PBXSourcesBuildPhase;
			buildActionMask = 2147483647;
			files = (
				3D2FE47A16D1604100EBFA0B /* FractionTest.m in Sources */,
				3D2FE47D16D160AE00EBFA0B /* Fraction.m in Sources */,
			);
			runOnlyForDeploymentPostprocessing = 0;
		};
/* End PBXSourcesBuildPhase section */

/* Begin XCBuildConfiguration section */
		3D2FE47416D15FAF00EBFA0B /* Debug */ = {
			isa = XCBuildConfiguration;
			buildSettings = {
				ALWAYS_SEARCH_USER_PATHS = NO;
				ARCHS = "$(ARCHS_STANDARD_64_BIT)";
				CLANG_CXX_LANGUAGE_STANDARD = "gnu++0x";
				CLANG_CXX_LIBRARY = "libc++";
				CLANG_WARN_CONSTANT_CONVERSION = YES;
				CLANG_WARN_EMPTY_BODY = YES;
				CLANG_WARN_ENUM_CONVERSION = YES;
				CLANG_WARN_INT_CONVERSION = YES;
				CLANG_WARN__DUPLICATE_METHOD_MATCH = YES;
				COPY_PHASE_STRIP = NO;
				GCC_C_LANGUAGE_STANDARD = gnu99;
				GCC_DYNAMIC_NO_PIC = NO;
				GCC_ENABLE_OBJC_EXCEPTIONS = YES;
				GCC_OPTIMIZATION_LEVEL = 0;
				GCC_PREPROCESSOR_DEFINITIONS = (
					"DEBUG=1",
					"$(inherited)",
				);
				GCC_SYMBOLS_PRIVATE_EXTERN = NO;
				GCC_WARN_64_TO_32_BIT_CONVERSION = YES;
				GCC_WARN_ABOUT_RETURN_TYPE = YES;
				GCC_WARN_UNINITIALIZED_AUTOS = YES;
				GCC_WARN_UNUSED_VARIABLE = YES;
				MACOSX_DEPLOYMENT_TARGET = 10.7;
				ONLY_ACTIVE_ARCH = YES;
				SDKROOT = macosx;
			};
			name = Debug;
		};
		3D2FE47516D15FAF00EBFA0B /* Release */ = {
			isa = XCBuildConfiguration;
			buildSettings = {
				ALWAYS_SEARCH_USER_PATHS = NO;
				ARCHS = "$(ARCHS_STANDARD_64_BIT)";
				CLANG_CXX_LANGUAGE_STANDARD = "gnu++0x";
				CLANG_CXX_LIBRARY = "libc++";
				CLANG_WARN_CONSTANT_CONVERSION = YES;
				CLANG_WARN_EMPTY_BODY = YES;
				CLANG_WARN_ENUM_CONVERSION = YES;
				CLANG_WARN_INT_CONVERSION = YES;
				CLANG_WARN__DUPLICATE_METHOD_MATCH = YES;
				COPY_PHASE_STRIP = YES;
				DEBUG_INFORMATION_FORMAT = "dwarf-with-dsym";
				GCC_C_LANGUAGE_STANDARD = gnu99;
				GCC_ENABLE_OBJC_EXCEPTIONS = YES;
				GCC_WARN_64_TO_32_BIT_CONVERSION = YES;
				GCC_WARN_ABOUT_RETURN_TYPE = YES;
				GCC_WARN_UNINITIALIZED_AUTOS = YES;
				GCC_WARN_UNUSED_VARIABLE = YES;
				MACOSX_DEPLOYMENT_TARGET = 10.7;
				SDKROOT = macosx;
			};
			name = Release;
		};
		3D2FE47716D15FAF00EBFA0B /* Debug */ = {
			isa = XCBuildConfiguration;
			buildSettings = {
				GCC_PRECOMPILE_PREFIX_HEADER = YES;
				GCC_PREFIX_HEADER = "FractionTest/FractionTest-Prefix.pch";
				PRODUCT_NAME = "$(TARGET_NAME)";
			};
			name = Debug;
		};
		3D2FE47816D15FAF00EBFA0B /* Release */ = {
			isa = XCBuildConfiguration;
			buildSettings = {
				GCC_PRECOMPILE_PREFIX_HEADER = YES;
				GCC_PREFIX_HEADER = "FractionTest/FractionTest-Prefix.pch";
				PRODUCT_NAME = "$(TARGET_NAME)";
			};
			name = Release;
		};
/* End XCBuildConfiguration section */

/* Begin XCConfigurationList section */
		3D2FE46316D15FAF00EBFA0B /* Build configuration list for PBXProject "FractionTest" */ = {
			isa = XCConfigurationList;
			buildConfigurations = (
				3D2FE47416D15FAF00EBFA0B /* Debug */,
				3D2FE47516D15FAF00EBFA0B /* Release */,
			);
			defaultConfigurationIsVisible = 0;
			defaultConfigurationName = Release;
		};
		3D2FE47616D15FAF00EBFA0B /* Build configuration list for PBXNativeTarget "FractionTest" */ = {
			isa = XCConfigurationList;
			buildConfigurations = (
				3D2FE47716D15FAF00EBFA0B /* Debug */,
				3D2FE47816D15FAF00EBFA0B /* Release */,
			);
			defaultConfigurationIsVisible = 0;
		};
/* End XCConfigurationList section */
	};
	rootObject = 3D2FE46016D15FAF00EBFA0B /* Project object */;
}
